
Microsoft Visual Studio Solution File, Format Version 12.00
# Visual Studio Version 16
VisualStudioVersion = 16.0.30717.126
MinimumVisualStudioVersion = 10.0.40219.1
Project("{9A19103F-16F7-4668-BE54-9A1E7A4F7556}") = "ComputerGrafic.Lab0.WinForm", "ComputerGrafic.Lab0.WinForm\ComputerGrafic.Lab0.WinForm.csproj", "{E19BE3A5-26D1-4A73-BB88-E8CF6386A457}"
EndProject
Project("{9A19103F-16F7-4668-BE54-9A1E7A4F7556}") = "ComputerGrafic.Lab1.WinForm", "ComputerGrafic.Lab1.WinForm\ComputerGrafic.Lab1.WinForm.csproj", "{91273E14-70A7-4E66-87CF-D6CE72A76E23}"
EndProject
Project("{9A19103F-16F7-4668-BE54-9A1E7A4F7556}") = "ComputerGrafic.Lab2.WinForm", "ComputerGrafic.Lab2.WinForm\ComputerGrafic.Lab2.WinForm.csproj", "{B08504E8-EE0C-473E-83FA-2B8DF3838CF9}"
EndProject
Project("{9A19103F-16F7-4668-BE54-9A1E7A4F7556}") = "ComputerGrafic.Lab4.WinForm", "ComputerGrafic.Lab4.WinForm\ComputerGrafic.Lab4.WinForm.csproj", "{6C6A3B8A-A42A-4A88-9931-99BD9136931B}"
EndProject
Project("{FAE04EC0-301F-11D3-BF4B-00C04F79EFBC}") = "СomputerGrafic.Lab3.WinForm", "СomputerGrafic.Lab3.WinForm\СomputerGrafic.Lab3.WinForm.csproj", "{186F617F-80EA-428F-898C-2E1610ACDE9E}"
EndProject
Global
	GlobalSection(SolutionConfigurationPlatforms) = preSolution
		Debug|Any CPU = Debug|Any CPU
		Release|Any CPU = Release|Any CPU
	EndGlobalSection
	GlobalSection(ProjectConfigurationPlatforms) = postSolution
		{E19BE3A5-26D1-4A73-BB88-E8CF6386A457}.Debug|Any CPU.ActiveCfg = Debug|Any CPU
		{E19BE3A5-26D1-4A73-BB88-E8CF6386A457}.Debug|Any CPU.Build.0 = Debug|Any CPU
		{E19BE3A5-26D1-4A73-BB88-E8CF6386A457}.Release|Any CPU.ActiveCfg = Release|Any CPU
		{E19BE3A5-26D1-4A73-BB88-E8CF6386A457}.Release|Any CPU.Build.0 = Release|Any CPU
		{91273E14-70A7-4E66-87CF-D6CE72A76E23}.Debug|Any CPU.ActiveCfg = Debug|Any CPU
		{91273E14-70A7-4E66-87CF-D6CE72A76E23}.Debug|Any CPU.Build.0 = Debug|Any CPU
		{91273E14-70A7-4E66-87CF-D6CE72A76E23}.Release|Any CPU.ActiveCfg = Release|Any CPU
		{91273E14-70A7-4E66-87CF-D6CE72A76E23}.Release|Any CPU.Build.0 = Release|Any CPU
		{B08504E8-EE0C-473E-83FA-2B8DF3838CF9}.Debug|Any CPU.ActiveCfg = Debug|Any CPU
		{B08504E8-EE0C-473E-83FA-2B8DF3838CF9}.Debug|Any CPU.Build.0 = Debug|Any CPU
		{B08504E8-EE0C-473E-83FA-2B8DF3838CF9}.Release|Any CPU.ActiveCfg = Release|Any CPU
		{B08504E8-EE0C-473E-83FA-2B8DF3838CF9}.Release|Any CPU.Build.0 = Release|Any CPU
		{6C6A3B8A-A42A-4A88-9931-99BD9136931B}.Debug|Any CPU.ActiveCfg = Debug|Any CPU
		{6C6A3B8A-A42A-4A88-9931-99BD9136931B}.Debug|Any CPU.Build.0 = Debug|Any CPU
		{6C6A3B8A-A42A-4A88-9931-99BD9136931B}.Release|Any CPU.ActiveCfg = Release|Any CPU
		{6C6A3B8A-A42A-4A88-9931-99BD9136931B}.Release|Any CPU.Build.0 = Release|Any CPU
		{186F617F-80EA-428F-898C-2E1610ACDE9E}.Debug|Any CPU.ActiveCfg = Debug|Any CPU
		{186F617F-80EA-428F-898C-2E1610ACDE9E}.Debug|Any CPU.Build.0 = Debug|Any CPU
		{186F617F-80EA-428F-898C-2E1610ACDE9E}.Release|Any CPU.ActiveCfg = Release|Any CPU
		{186F617F-80EA-428F-898C-2E1610ACDE9E}.Release|Any CPU.Build.0 = Release|Any CPU
	EndGlobalSection
	GlobalSection(SolutionProperties) = preSolution
		HideSolutionNode = FALSE
	EndGlobalSection
	GlobalSection(ExtensibilityGlobals) = postSolution
		SolutionGuid = {DEDAE9F1-05C2-4EFE-BED9-2CD50494C853}
	EndGlobalSection
EndGlobal
